
Microsoft Visual Studio Solution File, Format Version 12.00
# Visual Studio Version 17
VisualStudioVersion = 17.3.32825.248
MinimumVisualStudioVersion = 10.0.40219.1
Project("{FAE04EC0-301F-11D3-BF4B-00C04F79EFBC}") = "Register login", "Register login\Register login.csproj", "{B1C3E4E1-D1F8-429E-BD66-50411BB189A6}"
EndProject
Global
	GlobalSection(SolutionConfigurationPlatforms) = preSolution
		Debug|Any CPU = Debug|Any CPU
		Release|Any CPU = Release|Any CPU
	EndGlobalSection
	GlobalSection(ProjectConfigurationPlatforms) = postSolution
		{B1C3E4E1-D1F8-429E-BD66-50411BB189A6}.Debug|Any CPU.ActiveCfg = Debug|Any CPU
		{B1C3E4E1-D1F8-429E-BD66-50411BB189A6}.Debug|Any CPU.Build.0 = Debug|Any CPU
		{B1C3E4E1-D1F8-429E-BD66-50411BB189A6}.Release|Any CPU.ActiveCfg = Release|Any CPU
		{B1C3E4E1-D1F8-429E-BD66-50411BB189A6}.Release|Any CPU.Build.0 = Release|Any CPU
	EndGlobalSection
	GlobalSection(SolutionProperties) = preSolution
		HideSolutionNode = FALSE
	EndGlobalSection
	GlobalSection(ExtensibilityGlobals) = postSolution
		SolutionGuid = {103F90B3-7356-4FC1-A0F5-58B2AAC6C705}
	EndGlobalSection
EndGlobal
